# THIS IS AN AUTOGENERATED FILE. DO NOT EDIT THIS FILE DIRECTLY.
# yarn lockfile v1


fp-ts@1.12.0:
  version "1.12.0"
  resolved "https://registry.yarnpkg.com/fp-ts/-/fp-ts-1.12.0.tgz#d333310e4ac104cdcb6bea47908e381bb09978e7"
  integrity sha512-fWwnAgVlTsV26Ruo9nx+fxNHIm6l1puE1VJ/C0XJ3nRQJJJIgRHYw6sigB3MuNFZL1o4fpGlhwFhcbxHK0RsOA==

fp-ts@1.17.4:
  version "1.17.4"
  resolved "https://registry.yarnpkg.com/fp-ts/-/fp-ts-1.17.4.tgz#f41eeeb2a8924b51b11521f93f5f59d28d0503be"
  integrity sha512-OaIM5w0FceJm6zO0OjMY05Rdg02nlFCpilTrMitzGnHORh/8neP0NH9OcRvnGQdOEh2T5xjtcutzzctvWOQtCQ==

fp-ts@^1.0.0:
  version "1.19.5"
  resolved "https://registry.yarnpkg.com/fp-ts/-/fp-ts-1.19.5.tgz#3da865e585dfa1fdfd51785417357ac50afc520a"
  integrity sha512-wDNqTimnzs8QqpldiId9OavWK2NptormjXnRJTQecNjzwfyp6P/8s/zG8e4h3ja3oqkKaY72UlTjQYt/1yXf9A==

io-ts@1.8.5:
  version "1.8.5"
  resolved "https://registry.yarnpkg.com/io-ts/-/io-ts-1.8.5.tgz#2e102f7f518abe17b0f7e7ede0db54a4c4ddc188"
  integrity sha512-4HzDeg7mTygFjFIKh7ajBSanoVaFryYSFI0ocdwndSWl3eWQXhg3wVR0WI+Li5Vq11TIsoIngQszVbN4dy//9A==
  dependencies:
    fp-ts "^1.0.0"

italia-ts-commons@^5.1.13:
  version "5.1.13"
  resolved "https://registry.yarnpkg.com/italia-ts-commons/-/italia-ts-commons-5.1.13.tgz#7ae919374f9c03c04e38603b7f7e9681ebee79b7"
  integrity sha512-mXtrNG/HR6lRCOTtBrEzsxGmkHccoDXKqoc9i+J2+yGhhxcznASu+0KMC05ZR1yJP4bWliC9rXJ3hnCw0rMSnQ==
  dependencies:
    fp-ts "1.12.0"
    io-ts "1.8.5"
    json-set-map "^1.0.2"
    validator "^10.1.0"

json-set-map@^1.0.2:
  version "1.1.2"
  resolved "https://registry.yarnpkg.com/json-set-map/-/json-set-map-1.1.2.tgz#536cbc6549d06e8af11f76cb4fbd441ed2389e6e"
  integrity sha512-x0TGwgcOG21jOa8wV1PWXDpSXUAKa1WuhMSHPBQhXU5Pb+4DdMrxOw5HMAWztVLP8KhSG5Kl5BoAOVF0aW63wA==

typescript@^3.8.3:
  version "3.9.7"
  resolved "https://registry.yarnpkg.com/typescript/-/typescript-3.9.7.tgz#98d600a5ebdc38f40cb277522f12dc800e9e25fa"
  integrity sha512-BLbiRkiBzAwsjut4x/dsibSTB6yWpwT5qWmC2OfuCg3GgVQCSgMs4vEctYPhsaGtd0AeuuHMkjZ2h2WG8MSzRw==

validator@^10.1.0:
  version "10.11.0"
  resolved "https://registry.yarnpkg.com/validator/-/validator-10.11.0.tgz#003108ea6e9a9874d31ccc9e5006856ccd76b228"
  integrity sha512-X/p3UZerAIsbBfN/IwahhYaBbY68EN/UQBWHtsbXGT5bfrH/p4NQzUCG1kF/rtKaNpnJ7jAu6NGTdSNtyNIXMw==
