# THIS IS AN AUTOGENERATED FILE. DO NOT EDIT THIS FILE DIRECTLY.
# yarn lockfile v1


char-regex@^1.0.2:
  version "1.0.2"
  resolved "https://registry.yarnpkg.com/char-regex/-/char-regex-1.0.2.tgz#d744358226217f981ed58f479b1d6bcc29545dcf"
  integrity sha512-kWWXztvZ5SBQV+eRgKFeh8q5sLuZY2+8WUIzlxWVTg+oGwY14qylx1KbKzHd8P6ZYkAg0xyIDU9JMHhyJMZ1jw==

stringz@^2.1.0:
  version "2.1.0"
  resolved "https://registry.yarnpkg.com/stringz/-/stringz-2.1.0.tgz#5896b4713eac31157556040fb90258fb02c1630c"
  integrity sha512-KlywLT+MZ+v0IRepfMxRtnSvDCMc3nR1qqCs3m/qIbSOWkNZYT8XHQA31rS3TnKp0c5xjZu3M4GY/2aRKSi/6A==
  dependencies:
    char-regex "^1.0.2"
